
Microsoft Visual Studio Solution File, Format Version 12.00
# Visual Studio Version 17
VisualStudioVersion = 17.10.35027.167
MinimumVisualStudioVersion = 10.0.40219.1
Project("{FAE04EC0-301F-11D3-BF4B-00C04F79EFBC}") = "AbrirFormulario", "AbrirFormulario.csproj", "{5167AF4B-39FC-479D-92A2-40FBF417CED3}"
EndProject
Global
	GlobalSection(SolutionConfigurationPlatforms) = preSolution
		Debug|Any CPU = Debug|Any CPU
		Release|Any CPU = Release|Any CPU
	EndGlobalSection
	GlobalSection(ProjectConfigurationPlatforms) = postSolution
		{5167AF4B-39FC-479D-92A2-40FBF417CED3}.Debug|Any CPU.ActiveCfg = Debug|Any CPU
		{5167AF4B-39FC-479D-92A2-40FBF417CED3}.Debug|Any CPU.Build.0 = Debug|Any CPU
		{5167AF4B-39FC-479D-92A2-40FBF417CED3}.Release|Any CPU.ActiveCfg = Release|Any CPU
		{5167AF4B-39FC-479D-92A2-40FBF417CED3}.Release|Any CPU.Build.0 = Release|Any CPU
	EndGlobalSection
	GlobalSection(SolutionProperties) = preSolution
		HideSolutionNode = FALSE
	EndGlobalSection
	GlobalSection(ExtensibilityGlobals) = postSolution
		SolutionGuid = {0E857A55-5E91-49B9-9D00-88BFAB157CEE}
	EndGlobalSection
EndGlobal
